{
  "version": 4,
  "terraform_version": "1.9.2",
  "serial": 5784,
  "lineage": "065c10b3-6fb8-3c6d-ce0a-317f5b7d9464",
  "outputs": {},
  "resources": [
    {
      "module": "module.associacao_privada",
      "mode": "managed",
      "type": "aws_route_table_association",
      "name": "associacao-subnet-rt",
      "provider": "provider[\"registry.terraform.io/hashicorp/aws\"]",
      "instances": [
        {
          "schema_version": 0,
          "attributes": {
            "gateway_id": "",
            "id": "rtbassoc-00ab3d77238a41775",
            "route_table_id": "rtb-0fc9d8c4eda397a7c",
            "subnet_id": "subnet-0ae571dca2e024c56",
            "timeouts": null
          },
          "sensitive_attributes": [],
          "private": "eyJlMmJmYjczMC1lY2FhLTExZTYtOGY4OC0zNDM2M2JjN2M0YzAiOnsiY3JlYXRlIjozMDAwMDAwMDAwMDAsImRlbGV0ZSI6MzAwMDAwMDAwMDAwLCJ1cGRhdGUiOjEyMDAwMDAwMDAwMH19",
          "dependencies": [
            "module.subnet_privada.aws_subnet.subnet",
            "module.tabela_rota_privada.aws_route_table.route_table",
            "module.vpc.aws_vpc.vpc_carona"
          ]
        }
      ]
    },
    {
      "module": "module.associacao_publica",
      "mode": "managed",
      "type": "aws_route_table_association",
      "name": "associacao-subnet-rt",
      "provider": "provider[\"registry.terraform.io/hashicorp/aws\"]",
      "instances": [
        {
          "schema_version": 0,
          "attributes": {
            "gateway_id": "",
            "id": "rtbassoc-0afb08f02bd6f164d",
            "route_table_id": "rtb-0857fe9f9b96b59b4",
            "subnet_id": "subnet-0f125dac9b2b56b48",
            "timeouts": null
          },
          "sensitive_attributes": [],
          "private": "eyJlMmJmYjczMC1lY2FhLTExZTYtOGY4OC0zNDM2M2JjN2M0YzAiOnsiY3JlYXRlIjozMDAwMDAwMDAwMDAsImRlbGV0ZSI6MzAwMDAwMDAwMDAwLCJ1cGRhdGUiOjEyMDAwMDAwMDAwMH19",
          "dependencies": [
            "module.subnet_publica.aws_subnet.subnet",
            "module.tabela_rota_publica.aws_route_table.route_table",
            "module.vpc.aws_vpc.vpc_carona"
          ]
        }
      ]
    },
    {
      "module": "module.ec2_banco",
      "mode": "managed",
      "type": "aws_instance",
      "name": "ec2",
      "provider": "provider[\"registry.terraform.io/hashicorp/aws\"]",
      "instances": [
        {
          "schema_version": 1,
          "attributes": {
            "ami": "ami-0866a3c8686eaeeba",
            "arn": "arn:aws:ec2:us-east-1:194414244272:instance/i-0243013ae2ef8f3e5",
            "associate_public_ip_address": false,
            "availability_zone": "us-east-1f",
            "capacity_reservation_specification": [
              {
                "capacity_reservation_preference": "open",
                "capacity_reservation_target": []
              }
            ],
            "cpu_core_count": 2,
            "cpu_options": [
              {
                "amd_sev_snp": "",
                "core_count": 2,
                "threads_per_core": 1
              }
            ],
            "cpu_threads_per_core": 1,
            "credit_specification": [
              {
                "cpu_credits": "standard"
              }
            ],
            "disable_api_stop": false,
            "disable_api_termination": false,
            "ebs_block_device": [],
            "ebs_optimized": false,
            "enclave_options": [
              {
                "enabled": false
              }
            ],
            "ephemeral_block_device": [],
            "get_password_data": false,
            "hibernation": false,
            "host_id": "",
            "host_resource_group_arn": null,
            "iam_instance_profile": "",
            "id": "i-0243013ae2ef8f3e5",
            "instance_initiated_shutdown_behavior": "stop",
            "instance_lifecycle": "",
            "instance_market_options": [],
            "instance_state": "running",
            "instance_type": "t2.medium",
            "ipv6_address_count": 0,
            "ipv6_addresses": [],
            "key_name": "ssh",
            "launch_template": [],
            "maintenance_options": [
              {
                "auto_recovery": "default"
              }
            ],
            "metadata_options": [
              {
                "http_endpoint": "enabled",
                "http_protocol_ipv6": "disabled",
                "http_put_response_hop_limit": 2,
                "http_tokens": "required",
                "instance_metadata_tags": "disabled"
              }
            ],
            "monitoring": false,
            "network_interface": [],
            "outpost_arn": "",
            "password_data": "",
            "placement_group": "",
            "placement_partition_number": 0,
            "primary_network_interface_id": "eni-0a6b5e3c905c8bbef",
            "private_dns": "ip-10-0-0-193.ec2.internal",
            "private_dns_name_options": [
              {
                "enable_resource_name_dns_a_record": false,
                "enable_resource_name_dns_aaaa_record": false,
                "hostname_type": "ip-name"
              }
            ],
            "private_ip": "10.0.0.193",
            "public_dns": "",
            "public_ip": "",
            "root_block_device": [
              {
                "delete_on_termination": true,
                "device_name": "/dev/sda1",
                "encrypted": false,
                "iops": 3000,
                "kms_key_id": "",
                "tags": {},
                "tags_all": {},
                "throughput": 125,
                "volume_id": "vol-0c440fa8fa4192680",
                "volume_size": 8,
                "volume_type": "gp3"
              }
            ],
            "secondary_private_ips": [],
            "security_groups": [],
            "source_dest_check": true,
            "spot_instance_request_id": "",
            "subnet_id": "subnet-0ae571dca2e024c56",
            "tags": {
              "Name": "ec2_privada_banco_iac"
            },
            "tags_all": {
              "Name": "ec2_privada_banco_iac"
            },
            "tenancy": "default",
            "timeouts": null,
            "user_data": "88eb789f9340cbb51df74da0799a22647c46680b",
            "user_data_base64": null,
            "user_data_replace_on_change": false,
            "volume_tags": null,
            "vpc_security_group_ids": [
              "sg-06813278acf4943ec"
            ]
          },
          "sensitive_attributes": [],
          "private": "eyJlMmJmYjczMC1lY2FhLTExZTYtOGY4OC0zNDM2M2JjN2M0YzAiOnsiY3JlYXRlIjo2MDAwMDAwMDAwMDAsImRlbGV0ZSI6MTIwMDAwMDAwMDAwMCwicmVhZCI6OTAwMDAwMDAwMDAwLCJ1cGRhdGUiOjYwMDAwMDAwMDAwMH0sInNjaGVtYV92ZXJzaW9uIjoiMSJ9",
          "dependencies": [
            "module.key_par.aws_key_pair.ssh",
            "module.sg_banco.aws_security_group.sg",
            "module.subnet_privada.aws_subnet.subnet",
            "module.vpc.aws_vpc.vpc_carona"
          ]
        }
      ]
    },
    {
      "module": "module.ec2_privada",
      "mode": "managed",
      "type": "aws_instance",
      "name": "ec2",
      "provider": "provider[\"registry.terraform.io/hashicorp/aws\"]",
      "instances": [
        {
          "schema_version": 1,
          "attributes": {
            "ami": "ami-0866a3c8686eaeeba",
            "arn": "arn:aws:ec2:us-east-1:194414244272:instance/i-0be6a8f44dfcff990",
            "associate_public_ip_address": false,
            "availability_zone": "us-east-1f",
            "capacity_reservation_specification": [
              {
                "capacity_reservation_preference": "open",
                "capacity_reservation_target": []
              }
            ],
            "cpu_core_count": 2,
            "cpu_options": [
              {
                "amd_sev_snp": "",
                "core_count": 2,
                "threads_per_core": 1
              }
            ],
            "cpu_threads_per_core": 1,
            "credit_specification": [
              {
                "cpu_credits": "standard"
              }
            ],
            "disable_api_stop": false,
            "disable_api_termination": false,
            "ebs_block_device": [],
            "ebs_optimized": false,
            "enclave_options": [
              {
                "enabled": false
              }
            ],
            "ephemeral_block_device": [],
            "get_password_data": false,
            "hibernation": false,
            "host_id": "",
            "host_resource_group_arn": null,
            "iam_instance_profile": "",
            "id": "i-0be6a8f44dfcff990",
            "instance_initiated_shutdown_behavior": "stop",
            "instance_lifecycle": "",
            "instance_market_options": [],
            "instance_state": "running",
            "instance_type": "t2.medium",
            "ipv6_address_count": 0,
            "ipv6_addresses": [],
            "key_name": "ssh",
            "launch_template": [],
            "maintenance_options": [
              {
                "auto_recovery": "default"
              }
            ],
            "metadata_options": [
              {
                "http_endpoint": "enabled",
                "http_protocol_ipv6": "disabled",
                "http_put_response_hop_limit": 2,
                "http_tokens": "required",
                "instance_metadata_tags": "disabled"
              }
            ],
            "monitoring": false,
            "network_interface": [],
            "outpost_arn": "",
            "password_data": "",
            "placement_group": "",
            "placement_partition_number": 0,
            "primary_network_interface_id": "eni-0ac5b6755ac3d3971",
            "private_dns": "ip-10-0-0-216.ec2.internal",
            "private_dns_name_options": [
              {
                "enable_resource_name_dns_a_record": false,
                "enable_resource_name_dns_aaaa_record": false,
                "hostname_type": "ip-name"
              }
            ],
            "private_ip": "10.0.0.216",
            "public_dns": "",
            "public_ip": "",
            "root_block_device": [
              {
                "delete_on_termination": true,
                "device_name": "/dev/sda1",
                "encrypted": false,
                "iops": 3000,
                "kms_key_id": "",
                "tags": {},
                "tags_all": {},
                "throughput": 125,
                "volume_id": "vol-0548e7011fb39bd90",
                "volume_size": 8,
                "volume_type": "gp3"
              }
            ],
            "secondary_private_ips": [],
            "security_groups": [],
            "source_dest_check": true,
            "spot_instance_request_id": "",
            "subnet_id": "subnet-0ae571dca2e024c56",
            "tags": {
              "Name": "ec2_privada_iac"
            },
            "tags_all": {
              "Name": "ec2_privada_iac"
            },
            "tenancy": "default",
            "timeouts": null,
            "user_data": "f3ec233ea5d2da6bc2fe15b2ff8055c7cc426dc1",
            "user_data_base64": null,
            "user_data_replace_on_change": false,
            "volume_tags": null,
            "vpc_security_group_ids": [
              "sg-0089e069e3e6b9105"
            ]
          },
          "sensitive_attributes": [],
          "private": "eyJlMmJmYjczMC1lY2FhLTExZTYtOGY4OC0zNDM2M2JjN2M0YzAiOnsiY3JlYXRlIjo2MDAwMDAwMDAwMDAsImRlbGV0ZSI6MTIwMDAwMDAwMDAwMCwicmVhZCI6OTAwMDAwMDAwMDAwLCJ1cGRhdGUiOjYwMDAwMDAwMDAwMH0sInNjaGVtYV92ZXJzaW9uIjoiMSJ9",
          "dependencies": [
            "module.ec2_banco.aws_instance.ec2",
            "module.key_par.aws_key_pair.ssh",
            "module.sg_banco.aws_security_group.sg",
            "module.sg_privado.aws_security_group.sg",
            "module.subnet_privada.aws_subnet.subnet",
            "module.vpc.aws_vpc.vpc_carona"
          ]
        }
      ]
    },
    {
      "module": "module.ec2_publica",
      "mode": "managed",
      "type": "aws_instance",
      "name": "ec2",
      "provider": "provider[\"registry.terraform.io/hashicorp/aws\"]",
      "instances": [
        {
          "schema_version": 1,
          "attributes": {
            "ami": "ami-0866a3c8686eaeeba",
            "arn": "arn:aws:ec2:us-east-1:194414244272:instance/i-0760f0196b6ceea30",
            "associate_public_ip_address": false,
            "availability_zone": "us-east-1f",
            "capacity_reservation_specification": [
              {
                "capacity_reservation_preference": "open",
                "capacity_reservation_target": []
              }
            ],
            "cpu_core_count": 2,
            "cpu_options": [
              {
                "amd_sev_snp": "",
                "core_count": 2,
                "threads_per_core": 1
              }
            ],
            "cpu_threads_per_core": 1,
            "credit_specification": [
              {
                "cpu_credits": "standard"
              }
            ],
            "disable_api_stop": false,
            "disable_api_termination": false,
            "ebs_block_device": [],
            "ebs_optimized": false,
            "enclave_options": [
              {
                "enabled": false
              }
            ],
            "ephemeral_block_device": [],
            "get_password_data": false,
            "hibernation": false,
            "host_id": "",
            "host_resource_group_arn": null,
            "iam_instance_profile": "",
            "id": "i-0760f0196b6ceea30",
            "instance_initiated_shutdown_behavior": "stop",
            "instance_lifecycle": "",
            "instance_market_options": [],
            "instance_state": "running",
            "instance_type": "t2.medium",
            "ipv6_address_count": 0,
            "ipv6_addresses": [],
            "key_name": "ssh",
            "launch_template": [],
            "maintenance_options": [
              {
                "auto_recovery": "default"
              }
            ],
            "metadata_options": [
              {
                "http_endpoint": "enabled",
                "http_protocol_ipv6": "disabled",
                "http_put_response_hop_limit": 2,
                "http_tokens": "required",
                "instance_metadata_tags": "disabled"
              }
            ],
            "monitoring": false,
            "network_interface": [],
            "outpost_arn": "",
            "password_data": "",
            "placement_group": "",
            "placement_partition_number": 0,
            "primary_network_interface_id": "eni-07f195285bea524b1",
            "private_dns": "ip-10-0-0-70.ec2.internal",
            "private_dns_name_options": [
              {
                "enable_resource_name_dns_a_record": false,
                "enable_resource_name_dns_aaaa_record": false,
                "hostname_type": "ip-name"
              }
            ],
            "private_ip": "10.0.0.70",
            "public_dns": "",
            "public_ip": "",
            "root_block_device": [
              {
                "delete_on_termination": true,
                "device_name": "/dev/sda1",
                "encrypted": false,
                "iops": 3000,
                "kms_key_id": "",
                "tags": {},
                "tags_all": {},
                "throughput": 125,
                "volume_id": "vol-01256f3e5d13e08ee",
                "volume_size": 8,
                "volume_type": "gp3"
              }
            ],
            "secondary_private_ips": [],
            "security_groups": [],
            "source_dest_check": true,
            "spot_instance_request_id": "",
            "subnet_id": "subnet-0f125dac9b2b56b48",
            "tags": {
              "Name": "ec2_publica_iac"
            },
            "tags_all": {
              "Name": "ec2_publica_iac"
            },
            "tenancy": "default",
            "timeouts": null,
            "user_data": "ade2aed86c61ae8471fe07be21b77ff601839439",
            "user_data_base64": null,
            "user_data_replace_on_change": false,
            "volume_tags": null,
            "vpc_security_group_ids": [
              "sg-0d6c5c8339523b337"
            ]
          },
          "sensitive_attributes": [],
          "private": "eyJlMmJmYjczMC1lY2FhLTExZTYtOGY4OC0zNDM2M2JjN2M0YzAiOnsiY3JlYXRlIjo2MDAwMDAwMDAwMDAsImRlbGV0ZSI6MTIwMDAwMDAwMDAwMCwicmVhZCI6OTAwMDAwMDAwMDAwLCJ1cGRhdGUiOjYwMDAwMDAwMDAwMH0sInNjaGVtYV92ZXJzaW9uIjoiMSJ9",
          "dependencies": [
            "module.ec2_banco.aws_instance.ec2",
            "module.ec2_privada.aws_instance.ec2",
            "module.key_par.aws_key_pair.ssh",
            "module.sg_banco.aws_security_group.sg",
            "module.sg_privado.aws_security_group.sg",
            "module.sg_publico.aws_security_group.sg",
            "module.subnet_privada.aws_subnet.subnet",
            "module.subnet_publica.aws_subnet.subnet",
            "module.vpc.aws_vpc.vpc_carona"
          ]
        }
      ]
    },
    {
      "module": "module.elastic_ip_ec2",
      "mode": "managed",
      "type": "aws_eip",
      "name": "ip-nat",
      "provider": "provider[\"registry.terraform.io/hashicorp/aws\"]",
      "instances": [
        {
          "schema_version": 0,
          "attributes": {
            "address": null,
            "allocation_id": "eipalloc-0c7286b282986ebda",
            "arn": "arn:aws:ec2:us-east-1:194414244272:elastic-ip/eipalloc-0c7286b282986ebda",
            "associate_with_private_ip": null,
            "association_id": "eipassoc-05eea7873b185fd3b",
            "carrier_ip": "",
            "customer_owned_ip": "",
            "customer_owned_ipv4_pool": "",
            "domain": "vpc",
            "id": "eipalloc-0c7286b282986ebda",
            "instance": "i-0760f0196b6ceea30",
            "network_border_group": "us-east-1",
            "network_interface": "eni-07f195285bea524b1",
            "private_dns": "ip-10-0-0-70.ec2.internal",
            "private_ip": "10.0.0.70",
            "ptr_record": "",
            "public_dns": "ec2-34-200-104-1.compute-1.amazonaws.com",
            "public_ip": "34.200.104.1",
            "public_ipv4_pool": "amazon",
            "tags": {
              "Name": "ip_ec2"
            },
            "tags_all": {
              "Name": "ip_ec2"
            },
            "timeouts": null,
            "vpc": true
          },
          "sensitive_attributes": [],
          "private": "eyJlMmJmYjczMC1lY2FhLTExZTYtOGY4OC0zNDM2M2JjN2M0YzAiOnsiZGVsZXRlIjoxODAwMDAwMDAwMDAsInJlYWQiOjkwMDAwMDAwMDAwMCwidXBkYXRlIjozMDAwMDAwMDAwMDB9fQ==",
          "dependencies": [
            "module.ec2_banco.aws_instance.ec2",
            "module.ec2_privada.aws_instance.ec2",
            "module.ec2_publica.aws_instance.ec2",
            "module.key_par.aws_key_pair.ssh",
            "module.sg_banco.aws_security_group.sg",
            "module.sg_privado.aws_security_group.sg",
            "module.sg_publico.aws_security_group.sg",
            "module.subnet_privada.aws_subnet.subnet",
            "module.subnet_publica.aws_subnet.subnet",
            "module.vpc.aws_vpc.vpc_carona"
          ]
        }
      ]
    },
    {
      "module": "module.elastic_ip_ng",
      "mode": "managed",
      "type": "aws_eip",
      "name": "ip-nat",
      "provider": "provider[\"registry.terraform.io/hashicorp/aws\"]",
      "instances": [
        {
          "schema_version": 0,
          "attributes": {
            "address": null,
            "allocation_id": "eipalloc-0099f268f163e8a49",
            "arn": "arn:aws:ec2:us-east-1:194414244272:elastic-ip/eipalloc-0099f268f163e8a49",
            "associate_with_private_ip": null,
            "association_id": "",
            "carrier_ip": "",
            "customer_owned_ip": "",
            "customer_owned_ipv4_pool": "",
            "domain": "vpc",
            "id": "eipalloc-0099f268f163e8a49",
            "instance": "",
            "network_border_group": "us-east-1",
            "network_interface": "",
            "private_dns": null,
            "private_ip": "",
            "ptr_record": "",
            "public_dns": "ec2-44-223-212-37.compute-1.amazonaws.com",
            "public_ip": "44.223.212.37",
            "public_ipv4_pool": "amazon",
            "tags": {
              "Name": "ip_nat_gateway"
            },
            "tags_all": {
              "Name": "ip_nat_gateway"
            },
            "timeouts": null,
            "vpc": true
          },
          "sensitive_attributes": [],
          "private": "eyJlMmJmYjczMC1lY2FhLTExZTYtOGY4OC0zNDM2M2JjN2M0YzAiOnsiZGVsZXRlIjoxODAwMDAwMDAwMDAsInJlYWQiOjkwMDAwMDAwMDAwMCwidXBkYXRlIjozMDAwMDAwMDAwMDB9fQ=="
        }
      ]
    },
    {
      "module": "module.internet_gateway",
      "mode": "managed",
      "type": "aws_internet_gateway",
      "name": "internet_gateway",
      "provider": "provider[\"registry.terraform.io/hashicorp/aws\"]",
      "instances": [
        {
          "schema_version": 0,
          "attributes": {
            "arn": "arn:aws:ec2:us-east-1:194414244272:internet-gateway/igw-0146d431b2fff831a",
            "id": "igw-0146d431b2fff831a",
            "owner_id": "194414244272",
            "tags": {
              "Iac": "true",
              "Name": "gateway-internet-carona-iac"
            },
            "tags_all": {
              "Iac": "true",
              "Name": "gateway-internet-carona-iac"
            },
            "timeouts": null,
            "vpc_id": "vpc-0b280e16e6142d2e6"
          },
          "sensitive_attributes": [],
          "private": "eyJlMmJmYjczMC1lY2FhLTExZTYtOGY4OC0zNDM2M2JjN2M0YzAiOnsiY3JlYXRlIjoxMjAwMDAwMDAwMDAwLCJkZWxldGUiOjEyMDAwMDAwMDAwMDAsInVwZGF0ZSI6MTIwMDAwMDAwMDAwMH19",
          "dependencies": [
            "module.vpc.aws_vpc.vpc_carona"
          ]
        }
      ]
    },
    {
      "module": "module.key_par",
      "mode": "managed",
      "type": "aws_key_pair",
      "name": "ssh",
      "provider": "provider[\"registry.terraform.io/hashicorp/aws\"]",
      "instances": [
        {
          "schema_version": 1,
          "attributes": {
            "arn": "arn:aws:ec2:us-east-1:194414244272:key-pair/ssh",
            "fingerprint": "87:9e:65:7f:81:01:b2:d4:40:1e:5f:21:1a:91:10:63",
            "id": "ssh",
            "key_name": "ssh",
            "key_name_prefix": "",
            "key_pair_id": "key-08bcf71dd6883fc88",
            "key_type": "rsa",
            "public_key": "ssh-rsa AAAAB3NzaC1yc2EAAAADAQABAAACAQCx9osYFaL4hhITHoXztSIlT+KPl7Htq6OuTGmNHFPs7TDCpmMOIAbEP4pXyElcN8WhvmnKIj7LfxJcJhUjjbhlB2V0Ev2jEOzdJ3uU4NKmHo2CkwL03QznfEhqqa/l4CaesrWxwN9dhn6Yuzr1WBPVZezHeP1SJsT2q3j9HS2tRaveCOtoms/qX1uI3YjaAOs7WlZ+vhqEyb5UweGK2aEJ3Y7fPZPIwTI74j4NQS6Y/TaPZcgFdKmnR+uabRyBx3+PRk+eSVASA/6FVyLzeHdIQVyQha4TSzp0lq9lF3RD3p53lRWx56aRrLBZ8MlVaU4OuipRNB3hGml7n/5Tah3D5aFLvi9C8CeAmwts+PVsQnehucMH18tEzv9SQsr9L6iNiti2w4eS4l167qZfgocYUZM5xzG2idAFWGlUO9VXGwQ7B/5tphIEBj0Y8cM/Zk/90otQ3wkP6WPbZEuLVBLtiL9F0wLD2uouLS8FSHtROwPDF0UfNeb5fhwzsLtEXwVicGhr+Fv1zo93U7eGl9phFuXp19nKhI+RkW8W60yVqNi1JsC6DLtFz5RB5UDzLU4AL/xXOS137GdRvLbDTMF0ZTQfcrhVW2skO6wTsZ7Pm0vT2TlZ9NajebUnRRj59pyTm5Rq0k76+D8CZfag2MmNF55z4U4uQL+1PDm/wTl8pQ== stefanini-dom/kqteles@STFSAON005637-L",
            "tags": null,
            "tags_all": {}
          },
          "sensitive_attributes": [],
          "private": "eyJzY2hlbWFfdmVyc2lvbiI6IjEifQ=="
        }
      ]
    },
    {
      "module": "module.nat_gateway",
      "mode": "managed",
      "type": "aws_nat_gateway",
      "name": "ng",
      "provider": "provider[\"registry.terraform.io/hashicorp/aws\"]",
      "instances": [
        {
          "schema_version": 0,
          "attributes": {
            "allocation_id": "eipalloc-0099f268f163e8a49",
            "association_id": "eipassoc-01ec845272bf64ebe",
            "connectivity_type": "public",
            "id": "nat-0d83cb248727ee915",
            "network_interface_id": "eni-048eb6b6789a676d0",
            "private_ip": "10.0.0.30",
            "public_ip": "44.223.212.37",
            "secondary_allocation_ids": null,
            "secondary_private_ip_address_count": 0,
            "secondary_private_ip_addresses": [],
            "subnet_id": "subnet-0f125dac9b2b56b48",
            "tags": {
              "Name": "ng-iac"
            },
            "tags_all": {
              "Name": "ng-iac"
            },
            "timeouts": null
          },
          "sensitive_attributes": [],
          "private": "eyJlMmJmYjczMC1lY2FhLTExZTYtOGY4OC0zNDM2M2JjN2M0YzAiOnsiY3JlYXRlIjo2MDAwMDAwMDAwMDAsImRlbGV0ZSI6MTgwMDAwMDAwMDAwMCwidXBkYXRlIjo2MDAwMDAwMDAwMDB9fQ==",
          "dependencies": [
            "module.elastic_ip_ng.aws_eip.ip-nat",
            "module.subnet_publica.aws_subnet.subnet",
            "module.vpc.aws_vpc.vpc_carona"
          ]
        }
      ]
    },
    {
      "module": "module.rota_privada",
      "mode": "managed",
      "type": "aws_route",
      "name": "rota",
      "provider": "provider[\"registry.terraform.io/hashicorp/aws\"]",
      "instances": [
        {
          "schema_version": 0,
          "attributes": {
            "carrier_gateway_id": "",
            "core_network_arn": "",
            "destination_cidr_block": "0.0.0.0/0",
            "destination_ipv6_cidr_block": "",
            "destination_prefix_list_id": "",
            "egress_only_gateway_id": "",
            "gateway_id": "",
            "id": "r-rtb-0fc9d8c4eda397a7c1080289494",
            "instance_id": "",
            "instance_owner_id": "",
            "local_gateway_id": "",
            "nat_gateway_id": "nat-0d83cb248727ee915",
            "network_interface_id": "",
            "origin": "CreateRoute",
            "route_table_id": "rtb-0fc9d8c4eda397a7c",
            "state": "active",
            "timeouts": null,
            "transit_gateway_id": "",
            "vpc_endpoint_id": "",
            "vpc_peering_connection_id": ""
          },
          "sensitive_attributes": [],
          "private": "eyJlMmJmYjczMC1lY2FhLTExZTYtOGY4OC0zNDM2M2JjN2M0YzAiOnsiY3JlYXRlIjozMDAwMDAwMDAwMDAsImRlbGV0ZSI6MzAwMDAwMDAwMDAwLCJ1cGRhdGUiOjEyMDAwMDAwMDAwMH19",
          "dependencies": [
            "module.elastic_ip_ng.aws_eip.ip-nat",
            "module.nat_gateway.aws_nat_gateway.ng",
            "module.subnet_publica.aws_subnet.subnet",
            "module.tabela_rota_privada.aws_route_table.route_table",
            "module.vpc.aws_vpc.vpc_carona"
          ]
        }
      ]
    },
    {
      "module": "module.rota_publica",
      "mode": "managed",
      "type": "aws_route",
      "name": "rota",
      "provider": "provider[\"registry.terraform.io/hashicorp/aws\"]",
      "instances": [
        {
          "schema_version": 0,
          "attributes": {
            "carrier_gateway_id": "",
            "core_network_arn": "",
            "destination_cidr_block": "0.0.0.0/0",
            "destination_ipv6_cidr_block": "",
            "destination_prefix_list_id": "",
            "egress_only_gateway_id": "",
            "gateway_id": "igw-0146d431b2fff831a",
            "id": "r-rtb-0857fe9f9b96b59b41080289494",
            "instance_id": "",
            "instance_owner_id": "",
            "local_gateway_id": "",
            "nat_gateway_id": "",
            "network_interface_id": "",
            "origin": "CreateRoute",
            "route_table_id": "rtb-0857fe9f9b96b59b4",
            "state": "active",
            "timeouts": null,
            "transit_gateway_id": "",
            "vpc_endpoint_id": "",
            "vpc_peering_connection_id": ""
          },
          "sensitive_attributes": [],
          "private": "eyJlMmJmYjczMC1lY2FhLTExZTYtOGY4OC0zNDM2M2JjN2M0YzAiOnsiY3JlYXRlIjozMDAwMDAwMDAwMDAsImRlbGV0ZSI6MzAwMDAwMDAwMDAwLCJ1cGRhdGUiOjEyMDAwMDAwMDAwMH19",
          "dependencies": [
            "module.internet_gateway.aws_internet_gateway.internet_gateway",
            "module.tabela_rota_publica.aws_route_table.route_table",
            "module.vpc.aws_vpc.vpc_carona"
          ]
        }
      ]
    },
    {
      "module": "module.route53",
      "mode": "managed",
      "type": "aws_route53_record",
      "name": "www",
      "provider": "provider[\"registry.terraform.io/hashicorp/aws\"]",
      "instances": [
        {
          "schema_version": 2,
          "attributes": {
            "alias": [],
            "allow_overwrite": null,
            "cidr_routing_policy": [],
            "failover_routing_policy": [],
            "fqdn": "backend.example.internal",
            "geolocation_routing_policy": [],
            "geoproximity_routing_policy": [],
            "health_check_id": "",
            "id": "Z06092113UBPQPJ2KQ81F_backend_A",
            "latency_routing_policy": [],
            "multivalue_answer_routing_policy": false,
            "name": "backend",
            "records": [
              "10.0.0.216"
            ],
            "set_identifier": "",
            "ttl": 300,
            "type": "A",
            "weighted_routing_policy": [],
            "zone_id": "Z06092113UBPQPJ2KQ81F"
          },
          "sensitive_attributes": [],
          "private": "eyJzY2hlbWFfdmVyc2lvbiI6IjIifQ==",
          "dependencies": [
            "module.ec2_banco.aws_instance.ec2",
            "module.ec2_privada.aws_instance.ec2",
            "module.key_par.aws_key_pair.ssh",
            "module.route53.aws_route53_zone.example",
            "module.sg_banco.aws_security_group.sg",
            "module.sg_privado.aws_security_group.sg",
            "module.subnet_privada.aws_subnet.subnet",
            "module.vpc.aws_vpc.vpc_carona"
          ]
        }
      ]
    },
    {
      "module": "module.route53",
      "mode": "managed",
      "type": "aws_route53_zone",
      "name": "example",
      "provider": "provider[\"registry.terraform.io/hashicorp/aws\"]",
      "instances": [
        {
          "schema_version": 0,
          "attributes": {
            "arn": "arn:aws:route53:::hostedzone/Z06092113UBPQPJ2KQ81F",
            "comment": "Managed by Terraform",
            "delegation_set_id": "",
            "force_destroy": false,
            "id": "Z06092113UBPQPJ2KQ81F",
            "name": "example.internal",
            "name_servers": [
              "ns-0.awsdns-00.com.",
              "ns-1024.awsdns-00.org.",
              "ns-1536.awsdns-00.co.uk.",
              "ns-512.awsdns-00.net."
            ],
            "primary_name_server": "ns-0.awsdns-00.com.",
            "tags": null,
            "tags_all": {},
            "vpc": [
              {
                "vpc_id": "vpc-0b280e16e6142d2e6",
                "vpc_region": "us-east-1"
              }
            ],
            "zone_id": "Z06092113UBPQPJ2KQ81F"
          },
          "sensitive_attributes": [],
          "private": "bnVsbA==",
          "dependencies": [
            "module.vpc.aws_vpc.vpc_carona"
          ]
        }
      ]
    },
    {
      "module": "module.sg_banco",
      "mode": "managed",
      "type": "aws_security_group",
      "name": "sg",
      "provider": "provider[\"registry.terraform.io/hashicorp/aws\"]",
      "instances": [
        {
          "schema_version": 1,
          "attributes": {
            "arn": "arn:aws:ec2:us-east-1:194414244272:security-group/sg-06813278acf4943ec",
            "description": "security group para ec2 do banco",
            "egress": [
              {
                "cidr_blocks": [
                  "0.0.0.0/0"
                ],
                "description": "Allow all outbound traffic",
                "from_port": 0,
                "ipv6_cidr_blocks": [],
                "prefix_list_ids": [],
                "protocol": "-1",
                "security_groups": [],
                "self": false,
                "to_port": 0
              }
            ],
            "id": "sg-06813278acf4943ec",
            "ingress": [
              {
                "cidr_blocks": [
                  "10.0.0.0/25"
                ],
                "description": "",
                "from_port": 22,
                "ipv6_cidr_blocks": [],
                "prefix_list_ids": [],
                "protocol": "tcp",
                "security_groups": [],
                "self": false,
                "to_port": 22
              },
              {
                "cidr_blocks": [
                  "10.0.0.128/25"
                ],
                "description": "",
                "from_port": 3306,
                "ipv6_cidr_blocks": [],
                "prefix_list_ids": [],
                "protocol": "tcp",
                "security_groups": [],
                "self": false,
                "to_port": 3306
              }
            ],
            "name": "sg_banco",
            "name_prefix": "",
            "owner_id": "194414244272",
            "revoke_rules_on_delete": false,
            "tags": {
              "Name": "private_security_group_banco"
            },
            "tags_all": {
              "Name": "private_security_group_banco"
            },
            "timeouts": null,
            "vpc_id": "vpc-0b280e16e6142d2e6"
          },
          "sensitive_attributes": [],
          "private": "eyJlMmJmYjczMC1lY2FhLTExZTYtOGY4OC0zNDM2M2JjN2M0YzAiOnsiY3JlYXRlIjo2MDAwMDAwMDAwMDAsImRlbGV0ZSI6OTAwMDAwMDAwMDAwfSwic2NoZW1hX3ZlcnNpb24iOiIxIn0=",
          "dependencies": [
            "module.vpc.aws_vpc.vpc_carona"
          ]
        }
      ]
    },
    {
      "module": "module.sg_privado",
      "mode": "managed",
      "type": "aws_security_group",
      "name": "sg",
      "provider": "provider[\"registry.terraform.io/hashicorp/aws\"]",
      "instances": [
        {
          "schema_version": 1,
          "attributes": {
            "arn": "arn:aws:ec2:us-east-1:194414244272:security-group/sg-0089e069e3e6b9105",
            "description": "security group para ec2 privada",
            "egress": [
              {
                "cidr_blocks": [
                  "0.0.0.0/0"
                ],
                "description": "Allow all outbound traffic",
                "from_port": 0,
                "ipv6_cidr_blocks": [],
                "prefix_list_ids": [],
                "protocol": "-1",
                "security_groups": [],
                "self": false,
                "to_port": 0
              }
            ],
            "id": "sg-0089e069e3e6b9105",
            "ingress": [
              {
                "cidr_blocks": [
                  "10.0.0.0/25"
                ],
                "description": "Allow HTTP traffic",
                "from_port": 22,
                "ipv6_cidr_blocks": [],
                "prefix_list_ids": [],
                "protocol": "tcp",
                "security_groups": [],
                "self": false,
                "to_port": 22
              },
              {
                "cidr_blocks": [
                  "10.0.0.0/25"
                ],
                "description": "Allow traffic from Nginx to backend on port 8080",
                "from_port": 8080,
                "ipv6_cidr_blocks": [],
                "prefix_list_ids": [],
                "protocol": "tcp",
                "security_groups": [],
                "self": false,
                "to_port": 8080
              }
            ],
            "name": "sg_privado",
            "name_prefix": "",
            "owner_id": "194414244272",
            "revoke_rules_on_delete": false,
            "tags": {
              "Name": "private_security_group"
            },
            "tags_all": {
              "Name": "private_security_group"
            },
            "timeouts": null,
            "vpc_id": "vpc-0b280e16e6142d2e6"
          },
          "sensitive_attributes": [],
          "private": "eyJlMmJmYjczMC1lY2FhLTExZTYtOGY4OC0zNDM2M2JjN2M0YzAiOnsiY3JlYXRlIjo2MDAwMDAwMDAwMDAsImRlbGV0ZSI6OTAwMDAwMDAwMDAwfSwic2NoZW1hX3ZlcnNpb24iOiIxIn0=",
          "dependencies": [
            "module.vpc.aws_vpc.vpc_carona"
          ]
        }
      ]
    },
    {
      "module": "module.sg_publico",
      "mode": "managed",
      "type": "aws_security_group",
      "name": "sg",
      "provider": "provider[\"registry.terraform.io/hashicorp/aws\"]",
      "instances": [
        {
          "schema_version": 1,
          "attributes": {
            "arn": "arn:aws:ec2:us-east-1:194414244272:security-group/sg-0d6c5c8339523b337",
            "description": "security group para ec2 publica",
            "egress": [
              {
                "cidr_blocks": [
                  "0.0.0.0/0"
                ],
                "description": "Allow all outbound traffic",
                "from_port": 0,
                "ipv6_cidr_blocks": [],
                "prefix_list_ids": [],
                "protocol": "-1",
                "security_groups": [],
                "self": false,
                "to_port": 0
              }
            ],
            "id": "sg-0d6c5c8339523b337",
            "ingress": [
              {
                "cidr_blocks": [
                  "0.0.0.0/0"
                ],
                "description": "Allow HTTP traffic",
                "from_port": 22,
                "ipv6_cidr_blocks": [],
                "prefix_list_ids": [],
                "protocol": "tcp",
                "security_groups": [],
                "self": false,
                "to_port": 22
              },
              {
                "cidr_blocks": [
                  "0.0.0.0/0"
                ],
                "description": "Allow HTTP traffic",
                "from_port": 80,
                "ipv6_cidr_blocks": [],
                "prefix_list_ids": [],
                "protocol": "tcp",
                "security_groups": [],
                "self": false,
                "to_port": 80
              }
            ],
            "name": "sg_publico",
            "name_prefix": "",
            "owner_id": "194414244272",
            "revoke_rules_on_delete": false,
            "tags": {
              "Name": "public_security_group"
            },
            "tags_all": {
              "Name": "public_security_group"
            },
            "timeouts": null,
            "vpc_id": "vpc-0b280e16e6142d2e6"
          },
          "sensitive_attributes": [],
          "private": "eyJlMmJmYjczMC1lY2FhLTExZTYtOGY4OC0zNDM2M2JjN2M0YzAiOnsiY3JlYXRlIjo2MDAwMDAwMDAwMDAsImRlbGV0ZSI6OTAwMDAwMDAwMDAwfSwic2NoZW1hX3ZlcnNpb24iOiIxIn0=",
          "dependencies": [
            "module.vpc.aws_vpc.vpc_carona"
          ]
        }
      ]
    },
    {
      "module": "module.subnet_privada",
      "mode": "managed",
      "type": "aws_subnet",
      "name": "subnet",
      "provider": "provider[\"registry.terraform.io/hashicorp/aws\"]",
      "instances": [
        {
          "schema_version": 1,
          "attributes": {
            "arn": "arn:aws:ec2:us-east-1:194414244272:subnet/subnet-0ae571dca2e024c56",
            "assign_ipv6_address_on_creation": false,
            "availability_zone": "us-east-1f",
            "availability_zone_id": "use1-az5",
            "cidr_block": "10.0.0.128/25",
            "customer_owned_ipv4_pool": "",
            "enable_dns64": false,
            "enable_lni_at_device_index": 0,
            "enable_resource_name_dns_a_record_on_launch": false,
            "enable_resource_name_dns_aaaa_record_on_launch": false,
            "id": "subnet-0ae571dca2e024c56",
            "ipv6_cidr_block": "",
            "ipv6_cidr_block_association_id": "",
            "ipv6_native": false,
            "map_customer_owned_ip_on_launch": false,
            "map_public_ip_on_launch": false,
            "outpost_arn": "",
            "owner_id": "194414244272",
            "private_dns_hostname_type_on_launch": "ip-name",
            "tags": {
              "Name": "subnet_privada_iac"
            },
            "tags_all": {
              "Name": "subnet_privada_iac"
            },
            "timeouts": null,
            "vpc_id": "vpc-0b280e16e6142d2e6"
          },
          "sensitive_attributes": [],
          "private": "eyJlMmJmYjczMC1lY2FhLTExZTYtOGY4OC0zNDM2M2JjN2M0YzAiOnsiY3JlYXRlIjo2MDAwMDAwMDAwMDAsImRlbGV0ZSI6MTIwMDAwMDAwMDAwMH0sInNjaGVtYV92ZXJzaW9uIjoiMSJ9",
          "dependencies": [
            "module.vpc.aws_vpc.vpc_carona"
          ]
        }
      ]
    },
    {
      "module": "module.subnet_publica",
      "mode": "managed",
      "type": "aws_subnet",
      "name": "subnet",
      "provider": "provider[\"registry.terraform.io/hashicorp/aws\"]",
      "instances": [
        {
          "schema_version": 1,
          "attributes": {
            "arn": "arn:aws:ec2:us-east-1:194414244272:subnet/subnet-0f125dac9b2b56b48",
            "assign_ipv6_address_on_creation": false,
            "availability_zone": "us-east-1f",
            "availability_zone_id": "use1-az5",
            "cidr_block": "10.0.0.0/25",
            "customer_owned_ipv4_pool": "",
            "enable_dns64": false,
            "enable_lni_at_device_index": 0,
            "enable_resource_name_dns_a_record_on_launch": false,
            "enable_resource_name_dns_aaaa_record_on_launch": false,
            "id": "subnet-0f125dac9b2b56b48",
            "ipv6_cidr_block": "",
            "ipv6_cidr_block_association_id": "",
            "ipv6_native": false,
            "map_customer_owned_ip_on_launch": false,
            "map_public_ip_on_launch": false,
            "outpost_arn": "",
            "owner_id": "194414244272",
            "private_dns_hostname_type_on_launch": "ip-name",
            "tags": {
              "Name": "subnet_publica_iac"
            },
            "tags_all": {
              "Name": "subnet_publica_iac"
            },
            "timeouts": null,
            "vpc_id": "vpc-0b280e16e6142d2e6"
          },
          "sensitive_attributes": [],
          "private": "eyJlMmJmYjczMC1lY2FhLTExZTYtOGY4OC0zNDM2M2JjN2M0YzAiOnsiY3JlYXRlIjo2MDAwMDAwMDAwMDAsImRlbGV0ZSI6MTIwMDAwMDAwMDAwMH0sInNjaGVtYV92ZXJzaW9uIjoiMSJ9",
          "dependencies": [
            "module.vpc.aws_vpc.vpc_carona"
          ]
        }
      ]
    },
    {
      "module": "module.tabela_rota_privada",
      "mode": "managed",
      "type": "aws_route_table",
      "name": "route_table",
      "provider": "provider[\"registry.terraform.io/hashicorp/aws\"]",
      "instances": [
        {
          "schema_version": 0,
          "attributes": {
            "arn": "arn:aws:ec2:us-east-1:194414244272:route-table/rtb-0fc9d8c4eda397a7c",
            "id": "rtb-0fc9d8c4eda397a7c",
            "owner_id": "194414244272",
            "propagating_vgws": [],
            "route": [],
            "tags": {
              "Name": "route_table_privada_iac"
            },
            "tags_all": {
              "Name": "route_table_privada_iac"
            },
            "timeouts": null,
            "vpc_id": "vpc-0b280e16e6142d2e6"
          },
          "sensitive_attributes": [],
          "private": "eyJlMmJmYjczMC1lY2FhLTExZTYtOGY4OC0zNDM2M2JjN2M0YzAiOnsiY3JlYXRlIjozMDAwMDAwMDAwMDAsImRlbGV0ZSI6MzAwMDAwMDAwMDAwLCJ1cGRhdGUiOjEyMDAwMDAwMDAwMH19",
          "dependencies": [
            "module.vpc.aws_vpc.vpc_carona"
          ]
        }
      ]
    },
    {
      "module": "module.tabela_rota_publica",
      "mode": "managed",
      "type": "aws_route_table",
      "name": "route_table",
      "provider": "provider[\"registry.terraform.io/hashicorp/aws\"]",
      "instances": [
        {
          "schema_version": 0,
          "attributes": {
            "arn": "arn:aws:ec2:us-east-1:194414244272:route-table/rtb-0857fe9f9b96b59b4",
            "id": "rtb-0857fe9f9b96b59b4",
            "owner_id": "194414244272",
            "propagating_vgws": [],
            "route": [],
            "tags": {
              "Name": "route_table_publica_iac"
            },
            "tags_all": {
              "Name": "route_table_publica_iac"
            },
            "timeouts": null,
            "vpc_id": "vpc-0b280e16e6142d2e6"
          },
          "sensitive_attributes": [],
          "private": "eyJlMmJmYjczMC1lY2FhLTExZTYtOGY4OC0zNDM2M2JjN2M0YzAiOnsiY3JlYXRlIjozMDAwMDAwMDAwMDAsImRlbGV0ZSI6MzAwMDAwMDAwMDAwLCJ1cGRhdGUiOjEyMDAwMDAwMDAwMH19",
          "dependencies": [
            "module.vpc.aws_vpc.vpc_carona"
          ]
        }
      ]
    },
    {
      "module": "module.vpc",
      "mode": "managed",
      "type": "aws_vpc",
      "name": "vpc_carona",
      "provider": "provider[\"registry.terraform.io/hashicorp/aws\"]",
      "instances": [
        {
          "schema_version": 1,
          "attributes": {
            "arn": "arn:aws:ec2:us-east-1:194414244272:vpc/vpc-0b280e16e6142d2e6",
            "assign_generated_ipv6_cidr_block": false,
            "cidr_block": "10.0.0.0/24",
            "default_network_acl_id": "acl-0bf7174d9d80ad687",
            "default_route_table_id": "rtb-09f38d5cf3b8a5540",
            "default_security_group_id": "sg-034111ee8d47c9215",
            "dhcp_options_id": "dopt-08ac974a38541d3bf",
            "enable_dns_hostnames": true,
            "enable_dns_support": true,
            "enable_network_address_usage_metrics": false,
            "id": "vpc-0b280e16e6142d2e6",
            "instance_tenancy": "default",
            "ipv4_ipam_pool_id": null,
            "ipv4_netmask_length": null,
            "ipv6_association_id": "",
            "ipv6_cidr_block": "",
            "ipv6_cidr_block_network_border_group": "",
            "ipv6_ipam_pool_id": "",
            "ipv6_netmask_length": 0,
            "main_route_table_id": "rtb-09f38d5cf3b8a5540",
            "owner_id": "194414244272",
            "tags": {
              "Name": "main-vpc"
            },
            "tags_all": {
              "Name": "main-vpc"
            }
          },
          "sensitive_attributes": [],
          "private": "eyJzY2hlbWFfdmVyc2lvbiI6IjEifQ=="
        }
      ]
    }
  ],
  "check_results": null
}
