{
  "version": 4,
  "terraform_version": "1.9.2",
  "serial": 847,
  "lineage": "065c10b3-6fb8-3c6d-ce0a-317f5b7d9464",
  "outputs": {},
  "resources": [
    {
      "module": "module.associacao_privada",
      "mode": "managed",
      "type": "aws_route_table_association",
      "name": "associacao-subnet-rt",
      "provider": "provider[\"registry.terraform.io/hashicorp/aws\"]",
      "instances": [
        {
          "schema_version": 0,
          "attributes": {
            "gateway_id": "",
            "id": "rtbassoc-0761e4ab41f608760",
            "route_table_id": "rtb-0384055feb32a5093",
            "subnet_id": "subnet-095896d63e5237bcf",
            "timeouts": null
          },
          "sensitive_attributes": [],
          "private": "eyJlMmJmYjczMC1lY2FhLTExZTYtOGY4OC0zNDM2M2JjN2M0YzAiOnsiY3JlYXRlIjozMDAwMDAwMDAwMDAsImRlbGV0ZSI6MzAwMDAwMDAwMDAwLCJ1cGRhdGUiOjEyMDAwMDAwMDAwMH19",
          "dependencies": [
            "module.subnet_privada.aws_subnet.subnet",
            "module.tabela_rota_privada.aws_route_table.route_table",
            "module.vpc.aws_vpc.vpc_carona"
          ]
        }
      ]
    },
    {
      "module": "module.associacao_publica",
      "mode": "managed",
      "type": "aws_route_table_association",
      "name": "associacao-subnet-rt",
      "provider": "provider[\"registry.terraform.io/hashicorp/aws\"]",
      "instances": [
        {
          "schema_version": 0,
          "attributes": {
            "gateway_id": "",
            "id": "rtbassoc-09888ae385c9484d6",
            "route_table_id": "rtb-05ada75d3cec45736",
            "subnet_id": "subnet-011d3c82766f05a31",
            "timeouts": null
          },
          "sensitive_attributes": [],
          "private": "eyJlMmJmYjczMC1lY2FhLTExZTYtOGY4OC0zNDM2M2JjN2M0YzAiOnsiY3JlYXRlIjozMDAwMDAwMDAwMDAsImRlbGV0ZSI6MzAwMDAwMDAwMDAwLCJ1cGRhdGUiOjEyMDAwMDAwMDAwMH19",
          "dependencies": [
            "module.subnet_publica.aws_subnet.subnet",
            "module.tabela_rota_publica.aws_route_table.route_table",
            "module.vpc.aws_vpc.vpc_carona"
          ]
        }
      ]
    },
    {
      "module": "module.ec2_privada",
      "mode": "managed",
      "type": "aws_instance",
      "name": "ec2",
      "provider": "provider[\"registry.terraform.io/hashicorp/aws\"]",
      "instances": [
        {
          "schema_version": 1,
          "attributes": {
            "ami": "ami-0e86e20dae9224db8",
            "arn": "arn:aws:ec2:us-east-1:731958267068:instance/i-049e4b7626538a174",
            "associate_public_ip_address": false,
            "availability_zone": "us-east-1c",
            "capacity_reservation_specification": [
              {
                "capacity_reservation_preference": "open",
                "capacity_reservation_target": []
              }
            ],
            "cpu_core_count": 2,
            "cpu_options": [
              {
                "amd_sev_snp": "",
                "core_count": 2,
                "threads_per_core": 1
              }
            ],
            "cpu_threads_per_core": 1,
            "credit_specification": [
              {
                "cpu_credits": "standard"
              }
            ],
            "disable_api_stop": false,
            "disable_api_termination": false,
            "ebs_block_device": [],
            "ebs_optimized": false,
            "enclave_options": [
              {
                "enabled": false
              }
            ],
            "ephemeral_block_device": [],
            "get_password_data": false,
            "hibernation": false,
            "host_id": "",
            "host_resource_group_arn": null,
            "iam_instance_profile": "",
            "id": "i-049e4b7626538a174",
            "instance_initiated_shutdown_behavior": "stop",
            "instance_lifecycle": "",
            "instance_market_options": [],
            "instance_state": "running",
            "instance_type": "t2.large",
            "ipv6_address_count": 0,
            "ipv6_addresses": [],
            "key_name": "ssh",
            "launch_template": [],
            "maintenance_options": [
              {
                "auto_recovery": "default"
              }
            ],
            "metadata_options": [
              {
                "http_endpoint": "enabled",
                "http_protocol_ipv6": "disabled",
                "http_put_response_hop_limit": 2,
                "http_tokens": "required",
                "instance_metadata_tags": "disabled"
              }
            ],
            "monitoring": false,
            "network_interface": [],
            "outpost_arn": "",
            "password_data": "",
            "placement_group": "",
            "placement_partition_number": 0,
            "primary_network_interface_id": "eni-0b5faeb1ecd9322ed",
            "private_dns": "ip-10-0-0-208.ec2.internal",
            "private_dns_name_options": [
              {
                "enable_resource_name_dns_a_record": false,
                "enable_resource_name_dns_aaaa_record": false,
                "hostname_type": "ip-name"
              }
            ],
            "private_ip": "10.0.0.208",
            "public_dns": "",
            "public_ip": "",
            "root_block_device": [
              {
                "delete_on_termination": true,
                "device_name": "/dev/sda1",
                "encrypted": false,
                "iops": 3000,
                "kms_key_id": "",
                "tags": {},
                "tags_all": {},
                "throughput": 125,
                "volume_id": "vol-0a622ccccdb272560",
                "volume_size": 8,
                "volume_type": "gp3"
              }
            ],
            "secondary_private_ips": [],
            "security_groups": [],
            "source_dest_check": true,
            "spot_instance_request_id": "",
            "subnet_id": "subnet-095896d63e5237bcf",
            "tags": {
              "Name": "ec2_privada_iac"
            },
            "tags_all": {
              "Name": "ec2_privada_iac"
            },
            "tenancy": "default",
            "timeouts": null,
            "user_data": null,
            "user_data_base64": null,
            "user_data_replace_on_change": false,
            "volume_tags": null,
            "vpc_security_group_ids": [
              "sg-0d119cc423166de1d"
            ]
          },
          "sensitive_attributes": [],
          "private": "eyJlMmJmYjczMC1lY2FhLTExZTYtOGY4OC0zNDM2M2JjN2M0YzAiOnsiY3JlYXRlIjo2MDAwMDAwMDAwMDAsImRlbGV0ZSI6MTIwMDAwMDAwMDAwMCwicmVhZCI6OTAwMDAwMDAwMDAwLCJ1cGRhdGUiOjYwMDAwMDAwMDAwMH0sInNjaGVtYV92ZXJzaW9uIjoiMSJ9",
          "dependencies": [
            "module.key_par.aws_key_pair.ssh",
            "module.sg_privado.aws_security_group.sg",
            "module.subnet_privada.aws_subnet.subnet",
            "module.vpc.aws_vpc.vpc_carona"
          ]
        }
      ]
    },
    {
      "module": "module.ec2_publica",
      "mode": "managed",
      "type": "aws_instance",
      "name": "ec2",
      "provider": "provider[\"registry.terraform.io/hashicorp/aws\"]",
      "instances": [
        {
          "schema_version": 1,
          "attributes": {
            "ami": "ami-0e86e20dae9224db8",
            "arn": "arn:aws:ec2:us-east-1:731958267068:instance/i-0456e0a66c121241d",
            "associate_public_ip_address": false,
            "availability_zone": "us-east-1c",
            "capacity_reservation_specification": [
              {
                "capacity_reservation_preference": "open",
                "capacity_reservation_target": []
              }
            ],
            "cpu_core_count": 2,
            "cpu_options": [
              {
                "amd_sev_snp": "",
                "core_count": 2,
                "threads_per_core": 1
              }
            ],
            "cpu_threads_per_core": 1,
            "credit_specification": [
              {
                "cpu_credits": "standard"
              }
            ],
            "disable_api_stop": false,
            "disable_api_termination": false,
            "ebs_block_device": [],
            "ebs_optimized": false,
            "enclave_options": [
              {
                "enabled": false
              }
            ],
            "ephemeral_block_device": [],
            "get_password_data": false,
            "hibernation": false,
            "host_id": "",
            "host_resource_group_arn": null,
            "iam_instance_profile": "",
            "id": "i-0456e0a66c121241d",
            "instance_initiated_shutdown_behavior": "stop",
            "instance_lifecycle": "",
            "instance_market_options": [],
            "instance_state": "running",
            "instance_type": "t2.large",
            "ipv6_address_count": 0,
            "ipv6_addresses": [],
            "key_name": "ssh",
            "launch_template": [],
            "maintenance_options": [
              {
                "auto_recovery": "default"
              }
            ],
            "metadata_options": [
              {
                "http_endpoint": "enabled",
                "http_protocol_ipv6": "disabled",
                "http_put_response_hop_limit": 2,
                "http_tokens": "required",
                "instance_metadata_tags": "disabled"
              }
            ],
            "monitoring": false,
            "network_interface": [],
            "outpost_arn": "",
            "password_data": "",
            "placement_group": "",
            "placement_partition_number": 0,
            "primary_network_interface_id": "eni-0a2e3deac1e490cd5",
            "private_dns": "ip-10-0-0-28.ec2.internal",
            "private_dns_name_options": [
              {
                "enable_resource_name_dns_a_record": false,
                "enable_resource_name_dns_aaaa_record": false,
                "hostname_type": "ip-name"
              }
            ],
            "private_ip": "10.0.0.28",
            "public_dns": "",
            "public_ip": "",
            "root_block_device": [
              {
                "delete_on_termination": true,
                "device_name": "/dev/sda1",
                "encrypted": false,
                "iops": 3000,
                "kms_key_id": "",
                "tags": {},
                "tags_all": {},
                "throughput": 125,
                "volume_id": "vol-06307287a175be69f",
                "volume_size": 8,
                "volume_type": "gp3"
              }
            ],
            "secondary_private_ips": [],
            "security_groups": [],
            "source_dest_check": true,
            "spot_instance_request_id": "",
            "subnet_id": "subnet-011d3c82766f05a31",
            "tags": {
              "Name": "ec2_publica_iac"
            },
            "tags_all": {
              "Name": "ec2_publica_iac"
            },
            "tenancy": "default",
            "timeouts": null,
            "user_data": null,
            "user_data_base64": null,
            "user_data_replace_on_change": false,
            "volume_tags": null,
            "vpc_security_group_ids": [
              "sg-066802886eef596bd"
            ]
          },
          "sensitive_attributes": [],
          "private": "eyJlMmJmYjczMC1lY2FhLTExZTYtOGY4OC0zNDM2M2JjN2M0YzAiOnsiY3JlYXRlIjo2MDAwMDAwMDAwMDAsImRlbGV0ZSI6MTIwMDAwMDAwMDAwMCwicmVhZCI6OTAwMDAwMDAwMDAwLCJ1cGRhdGUiOjYwMDAwMDAwMDAwMH0sInNjaGVtYV92ZXJzaW9uIjoiMSJ9",
          "dependencies": [
            "module.key_par.aws_key_pair.ssh",
            "module.sg_publico.aws_security_group.sg",
            "module.subnet_publica.aws_subnet.subnet",
            "module.vpc.aws_vpc.vpc_carona"
          ]
        }
      ]
    },
    {
      "module": "module.elastic_ip_ec2",
      "mode": "managed",
      "type": "aws_eip",
      "name": "ip-nat",
      "provider": "provider[\"registry.terraform.io/hashicorp/aws\"]",
      "instances": [
        {
          "schema_version": 0,
          "attributes": {
            "address": null,
            "allocation_id": "eipalloc-0e55fe9f50b3fa45b",
            "arn": "arn:aws:ec2:us-east-1:731958267068:elastic-ip/eipalloc-0e55fe9f50b3fa45b",
            "associate_with_private_ip": null,
            "association_id": "eipassoc-056ec867e43cb7ddc",
            "carrier_ip": "",
            "customer_owned_ip": "",
            "customer_owned_ipv4_pool": "",
            "domain": "vpc",
            "id": "eipalloc-0e55fe9f50b3fa45b",
            "instance": "i-0456e0a66c121241d",
            "network_border_group": "us-east-1",
            "network_interface": "eni-0a2e3deac1e490cd5",
            "private_dns": "ip-10-0-0-28.ec2.internal",
            "private_ip": "10.0.0.28",
            "ptr_record": "",
            "public_dns": "ec2-35-171-12-154.compute-1.amazonaws.com",
            "public_ip": "35.171.12.154",
            "public_ipv4_pool": "amazon",
            "tags": {
              "Name": "ip_ec2"
            },
            "tags_all": {
              "Name": "ip_ec2"
            },
            "timeouts": null,
            "vpc": true
          },
          "sensitive_attributes": [],
          "private": "eyJlMmJmYjczMC1lY2FhLTExZTYtOGY4OC0zNDM2M2JjN2M0YzAiOnsiZGVsZXRlIjoxODAwMDAwMDAwMDAsInJlYWQiOjkwMDAwMDAwMDAwMCwidXBkYXRlIjozMDAwMDAwMDAwMDB9fQ==",
          "dependencies": [
            "module.ec2_publica.aws_instance.ec2",
            "module.key_par.aws_key_pair.ssh",
            "module.sg_publico.aws_security_group.sg",
            "module.subnet_publica.aws_subnet.subnet",
            "module.vpc.aws_vpc.vpc_carona"
          ]
        }
      ]
    },
    {
      "module": "module.elastic_ip_ng",
      "mode": "managed",
      "type": "aws_eip",
      "name": "ip-nat",
      "provider": "provider[\"registry.terraform.io/hashicorp/aws\"]",
      "instances": [
        {
          "schema_version": 0,
          "attributes": {
            "address": null,
            "allocation_id": "eipalloc-0d3f51be6ebeffa38",
            "arn": "arn:aws:ec2:us-east-1:731958267068:elastic-ip/eipalloc-0d3f51be6ebeffa38",
            "associate_with_private_ip": null,
            "association_id": "",
            "carrier_ip": "",
            "customer_owned_ip": "",
            "customer_owned_ipv4_pool": "",
            "domain": "vpc",
            "id": "eipalloc-0d3f51be6ebeffa38",
            "instance": "",
            "network_border_group": "us-east-1",
            "network_interface": "",
            "private_dns": null,
            "private_ip": "",
            "ptr_record": "",
            "public_dns": "ec2-35-170-139-237.compute-1.amazonaws.com",
            "public_ip": "35.170.139.237",
            "public_ipv4_pool": "amazon",
            "tags": {
              "Name": "ip_nat_gateway"
            },
            "tags_all": {
              "Name": "ip_nat_gateway"
            },
            "timeouts": null,
            "vpc": true
          },
          "sensitive_attributes": [],
          "private": "eyJlMmJmYjczMC1lY2FhLTExZTYtOGY4OC0zNDM2M2JjN2M0YzAiOnsiZGVsZXRlIjoxODAwMDAwMDAwMDAsInJlYWQiOjkwMDAwMDAwMDAwMCwidXBkYXRlIjozMDAwMDAwMDAwMDB9fQ=="
        }
      ]
    },
    {
      "module": "module.internet_gateway",
      "mode": "managed",
      "type": "aws_internet_gateway",
      "name": "internet_gateway",
      "provider": "provider[\"registry.terraform.io/hashicorp/aws\"]",
      "instances": [
        {
          "schema_version": 0,
          "attributes": {
            "arn": "arn:aws:ec2:us-east-1:731958267068:internet-gateway/igw-02d663bf91e4f63ac",
            "id": "igw-02d663bf91e4f63ac",
            "owner_id": "731958267068",
            "tags": {
              "Iac": "true",
              "Name": "gateway-internet-carona-iac"
            },
            "tags_all": {
              "Iac": "true",
              "Name": "gateway-internet-carona-iac"
            },
            "timeouts": null,
            "vpc_id": "vpc-0e378c8daf98967dd"
          },
          "sensitive_attributes": [],
          "private": "eyJlMmJmYjczMC1lY2FhLTExZTYtOGY4OC0zNDM2M2JjN2M0YzAiOnsiY3JlYXRlIjoxMjAwMDAwMDAwMDAwLCJkZWxldGUiOjEyMDAwMDAwMDAwMDAsInVwZGF0ZSI6MTIwMDAwMDAwMDAwMH19",
          "dependencies": [
            "module.vpc.aws_vpc.vpc_carona"
          ]
        }
      ]
    },
    {
      "module": "module.key_par",
      "mode": "managed",
      "type": "aws_key_pair",
      "name": "ssh",
      "provider": "provider[\"registry.terraform.io/hashicorp/aws\"]",
      "instances": [
        {
          "schema_version": 1,
          "attributes": {
            "arn": "arn:aws:ec2:us-east-1:731958267068:key-pair/ssh",
            "fingerprint": "87:9e:65:7f:81:01:b2:d4:40:1e:5f:21:1a:91:10:63",
            "id": "ssh",
            "key_name": "ssh",
            "key_name_prefix": "",
            "key_pair_id": "key-0fbdf78e31a5f59a6",
            "key_type": "rsa",
            "public_key": "ssh-rsa AAAAB3NzaC1yc2EAAAADAQABAAACAQCx9osYFaL4hhITHoXztSIlT+KPl7Htq6OuTGmNHFPs7TDCpmMOIAbEP4pXyElcN8WhvmnKIj7LfxJcJhUjjbhlB2V0Ev2jEOzdJ3uU4NKmHo2CkwL03QznfEhqqa/l4CaesrWxwN9dhn6Yuzr1WBPVZezHeP1SJsT2q3j9HS2tRaveCOtoms/qX1uI3YjaAOs7WlZ+vhqEyb5UweGK2aEJ3Y7fPZPIwTI74j4NQS6Y/TaPZcgFdKmnR+uabRyBx3+PRk+eSVASA/6FVyLzeHdIQVyQha4TSzp0lq9lF3RD3p53lRWx56aRrLBZ8MlVaU4OuipRNB3hGml7n/5Tah3D5aFLvi9C8CeAmwts+PVsQnehucMH18tEzv9SQsr9L6iNiti2w4eS4l167qZfgocYUZM5xzG2idAFWGlUO9VXGwQ7B/5tphIEBj0Y8cM/Zk/90otQ3wkP6WPbZEuLVBLtiL9F0wLD2uouLS8FSHtROwPDF0UfNeb5fhwzsLtEXwVicGhr+Fv1zo93U7eGl9phFuXp19nKhI+RkW8W60yVqNi1JsC6DLtFz5RB5UDzLU4AL/xXOS137GdRvLbDTMF0ZTQfcrhVW2skO6wTsZ7Pm0vT2TlZ9NajebUnRRj59pyTm5Rq0k76+D8CZfag2MmNF55z4U4uQL+1PDm/wTl8pQ== stefanini-dom/kqteles@STFSAON005637-L",
            "tags": null,
            "tags_all": {}
          },
          "sensitive_attributes": [],
          "private": "eyJzY2hlbWFfdmVyc2lvbiI6IjEifQ=="
        }
      ]
    },
    {
      "module": "module.nat_gateway",
      "mode": "managed",
      "type": "aws_nat_gateway",
      "name": "ng",
      "provider": "provider[\"registry.terraform.io/hashicorp/aws\"]",
      "instances": [
        {
          "schema_version": 0,
          "attributes": {
            "allocation_id": "eipalloc-0d3f51be6ebeffa38",
            "association_id": "eipassoc-0fbd82105cb1cefa7",
            "connectivity_type": "public",
            "id": "nat-0568c6bbc5c1d9c8f",
            "network_interface_id": "eni-0f863f95e445aa540",
            "private_ip": "10.0.0.25",
            "public_ip": "35.170.139.237",
            "secondary_allocation_ids": null,
            "secondary_private_ip_address_count": 0,
            "secondary_private_ip_addresses": [],
            "subnet_id": "subnet-011d3c82766f05a31",
            "tags": {
              "Name": "ng-iac"
            },
            "tags_all": {
              "Name": "ng-iac"
            },
            "timeouts": null
          },
          "sensitive_attributes": [],
          "private": "eyJlMmJmYjczMC1lY2FhLTExZTYtOGY4OC0zNDM2M2JjN2M0YzAiOnsiY3JlYXRlIjo2MDAwMDAwMDAwMDAsImRlbGV0ZSI6MTgwMDAwMDAwMDAwMCwidXBkYXRlIjo2MDAwMDAwMDAwMDB9fQ==",
          "dependencies": [
            "module.elastic_ip_ng.aws_eip.ip-nat",
            "module.subnet_publica.aws_subnet.subnet",
            "module.vpc.aws_vpc.vpc_carona"
          ]
        }
      ]
    },
    {
      "module": "module.rota_privada",
      "mode": "managed",
      "type": "aws_route",
      "name": "rota",
      "provider": "provider[\"registry.terraform.io/hashicorp/aws\"]",
      "instances": [
        {
          "schema_version": 0,
          "attributes": {
            "carrier_gateway_id": "",
            "core_network_arn": "",
            "destination_cidr_block": "0.0.0.0/0",
            "destination_ipv6_cidr_block": "",
            "destination_prefix_list_id": "",
            "egress_only_gateway_id": "",
            "gateway_id": "",
            "id": "r-rtb-0384055feb32a50931080289494",
            "instance_id": "",
            "instance_owner_id": "",
            "local_gateway_id": "",
            "nat_gateway_id": "nat-0568c6bbc5c1d9c8f",
            "network_interface_id": "",
            "origin": "CreateRoute",
            "route_table_id": "rtb-0384055feb32a5093",
            "state": "active",
            "timeouts": null,
            "transit_gateway_id": "",
            "vpc_endpoint_id": "",
            "vpc_peering_connection_id": ""
          },
          "sensitive_attributes": [],
          "private": "eyJlMmJmYjczMC1lY2FhLTExZTYtOGY4OC0zNDM2M2JjN2M0YzAiOnsiY3JlYXRlIjozMDAwMDAwMDAwMDAsImRlbGV0ZSI6MzAwMDAwMDAwMDAwLCJ1cGRhdGUiOjEyMDAwMDAwMDAwMH19",
          "dependencies": [
            "module.elastic_ip_ng.aws_eip.ip-nat",
            "module.nat_gateway.aws_nat_gateway.ng",
            "module.subnet_publica.aws_subnet.subnet",
            "module.tabela_rota_privada.aws_route_table.route_table",
            "module.vpc.aws_vpc.vpc_carona"
          ]
        }
      ]
    },
    {
      "module": "module.rota_publica",
      "mode": "managed",
      "type": "aws_route",
      "name": "rota",
      "provider": "provider[\"registry.terraform.io/hashicorp/aws\"]",
      "instances": [
        {
          "schema_version": 0,
          "attributes": {
            "carrier_gateway_id": "",
            "core_network_arn": "",
            "destination_cidr_block": "0.0.0.0/0",
            "destination_ipv6_cidr_block": "",
            "destination_prefix_list_id": "",
            "egress_only_gateway_id": "",
            "gateway_id": "igw-02d663bf91e4f63ac",
            "id": "r-rtb-05ada75d3cec457361080289494",
            "instance_id": "",
            "instance_owner_id": "",
            "local_gateway_id": "",
            "nat_gateway_id": "",
            "network_interface_id": "",
            "origin": "CreateRoute",
            "route_table_id": "rtb-05ada75d3cec45736",
            "state": "active",
            "timeouts": null,
            "transit_gateway_id": "",
            "vpc_endpoint_id": "",
            "vpc_peering_connection_id": ""
          },
          "sensitive_attributes": [],
          "private": "eyJlMmJmYjczMC1lY2FhLTExZTYtOGY4OC0zNDM2M2JjN2M0YzAiOnsiY3JlYXRlIjozMDAwMDAwMDAwMDAsImRlbGV0ZSI6MzAwMDAwMDAwMDAwLCJ1cGRhdGUiOjEyMDAwMDAwMDAwMH19",
          "dependencies": [
            "module.internet_gateway.aws_internet_gateway.internet_gateway",
            "module.tabela_rota_publica.aws_route_table.route_table",
            "module.vpc.aws_vpc.vpc_carona"
          ]
        }
      ]
    },
    {
      "module": "module.sg_privado",
      "mode": "managed",
      "type": "aws_security_group",
      "name": "sg",
      "provider": "provider[\"registry.terraform.io/hashicorp/aws\"]",
      "instances": [
        {
          "schema_version": 1,
          "attributes": {
            "arn": "arn:aws:ec2:us-east-1:731958267068:security-group/sg-0d119cc423166de1d",
            "description": "security group para ec2 privada",
            "egress": [
              {
                "cidr_blocks": [
                  "0.0.0.0/0"
                ],
                "description": "Allow all outbound traffic",
                "from_port": 0,
                "ipv6_cidr_blocks": [],
                "prefix_list_ids": [],
                "protocol": "-1",
                "security_groups": [],
                "self": false,
                "to_port": 0
              }
            ],
            "id": "sg-0d119cc423166de1d",
            "ingress": [
              {
                "cidr_blocks": [
                  "10.0.0.0/24"
                ],
                "description": "Allow HTTP traffic",
                "from_port": 22,
                "ipv6_cidr_blocks": [],
                "prefix_list_ids": [],
                "protocol": "tcp",
                "security_groups": [],
                "self": false,
                "to_port": 22
              }
            ],
            "name": "sg_privado",
            "name_prefix": "",
            "owner_id": "731958267068",
            "revoke_rules_on_delete": false,
            "tags": {
              "Name": "private_security_group"
            },
            "tags_all": {
              "Name": "private_security_group"
            },
            "timeouts": null,
            "vpc_id": "vpc-0e378c8daf98967dd"
          },
          "sensitive_attributes": [],
          "private": "eyJlMmJmYjczMC1lY2FhLTExZTYtOGY4OC0zNDM2M2JjN2M0YzAiOnsiY3JlYXRlIjo2MDAwMDAwMDAwMDAsImRlbGV0ZSI6OTAwMDAwMDAwMDAwfSwic2NoZW1hX3ZlcnNpb24iOiIxIn0=",
          "dependencies": [
            "module.vpc.aws_vpc.vpc_carona"
          ]
        }
      ]
    },
    {
      "module": "module.sg_publico",
      "mode": "managed",
      "type": "aws_security_group",
      "name": "sg",
      "provider": "provider[\"registry.terraform.io/hashicorp/aws\"]",
      "instances": [
        {
          "schema_version": 1,
          "attributes": {
            "arn": "arn:aws:ec2:us-east-1:731958267068:security-group/sg-066802886eef596bd",
            "description": "security group para ec2 publica",
            "egress": [
              {
                "cidr_blocks": [
                  "0.0.0.0/0"
                ],
                "description": "Allow all outbound traffic",
                "from_port": 0,
                "ipv6_cidr_blocks": [],
                "prefix_list_ids": [],
                "protocol": "-1",
                "security_groups": [],
                "self": false,
                "to_port": 0
              }
            ],
            "id": "sg-066802886eef596bd",
            "ingress": [
              {
                "cidr_blocks": [
                  "0.0.0.0/0"
                ],
                "description": "Allow HTTP traffic",
                "from_port": 22,
                "ipv6_cidr_blocks": [],
                "prefix_list_ids": [],
                "protocol": "tcp",
                "security_groups": [],
                "self": false,
                "to_port": 22
              },
              {
                "cidr_blocks": [
                  "0.0.0.0/0"
                ],
                "description": "Allow HTTP traffic",
                "from_port": 80,
                "ipv6_cidr_blocks": [],
                "prefix_list_ids": [],
                "protocol": "tcp",
                "security_groups": [],
                "self": false,
                "to_port": 80
              }
            ],
            "name": "sg_publico",
            "name_prefix": "",
            "owner_id": "731958267068",
            "revoke_rules_on_delete": false,
            "tags": {
              "Name": "public_security_group"
            },
            "tags_all": {
              "Name": "public_security_group"
            },
            "timeouts": null,
            "vpc_id": "vpc-0e378c8daf98967dd"
          },
          "sensitive_attributes": [],
          "private": "eyJlMmJmYjczMC1lY2FhLTExZTYtOGY4OC0zNDM2M2JjN2M0YzAiOnsiY3JlYXRlIjo2MDAwMDAwMDAwMDAsImRlbGV0ZSI6OTAwMDAwMDAwMDAwfSwic2NoZW1hX3ZlcnNpb24iOiIxIn0=",
          "dependencies": [
            "module.vpc.aws_vpc.vpc_carona"
          ]
        }
      ]
    },
    {
      "module": "module.subnet_privada",
      "mode": "managed",
      "type": "aws_subnet",
      "name": "subnet",
      "provider": "provider[\"registry.terraform.io/hashicorp/aws\"]",
      "instances": [
        {
          "schema_version": 1,
          "attributes": {
            "arn": "arn:aws:ec2:us-east-1:731958267068:subnet/subnet-095896d63e5237bcf",
            "assign_ipv6_address_on_creation": false,
            "availability_zone": "us-east-1c",
            "availability_zone_id": "use1-az2",
            "cidr_block": "10.0.0.128/25",
            "customer_owned_ipv4_pool": "",
            "enable_dns64": false,
            "enable_lni_at_device_index": 0,
            "enable_resource_name_dns_a_record_on_launch": false,
            "enable_resource_name_dns_aaaa_record_on_launch": false,
            "id": "subnet-095896d63e5237bcf",
            "ipv6_cidr_block": "",
            "ipv6_cidr_block_association_id": "",
            "ipv6_native": false,
            "map_customer_owned_ip_on_launch": false,
            "map_public_ip_on_launch": false,
            "outpost_arn": "",
            "owner_id": "731958267068",
            "private_dns_hostname_type_on_launch": "ip-name",
            "tags": {
              "Name": "subnet_privada_iac"
            },
            "tags_all": {
              "Name": "subnet_privada_iac"
            },
            "timeouts": null,
            "vpc_id": "vpc-0e378c8daf98967dd"
          },
          "sensitive_attributes": [],
          "private": "eyJlMmJmYjczMC1lY2FhLTExZTYtOGY4OC0zNDM2M2JjN2M0YzAiOnsiY3JlYXRlIjo2MDAwMDAwMDAwMDAsImRlbGV0ZSI6MTIwMDAwMDAwMDAwMH0sInNjaGVtYV92ZXJzaW9uIjoiMSJ9",
          "dependencies": [
            "module.vpc.aws_vpc.vpc_carona"
          ]
        }
      ]
    },
    {
      "module": "module.subnet_publica",
      "mode": "managed",
      "type": "aws_subnet",
      "name": "subnet",
      "provider": "provider[\"registry.terraform.io/hashicorp/aws\"]",
      "instances": [
        {
          "schema_version": 1,
          "attributes": {
            "arn": "arn:aws:ec2:us-east-1:731958267068:subnet/subnet-011d3c82766f05a31",
            "assign_ipv6_address_on_creation": false,
            "availability_zone": "us-east-1c",
            "availability_zone_id": "use1-az2",
            "cidr_block": "10.0.0.0/25",
            "customer_owned_ipv4_pool": "",
            "enable_dns64": false,
            "enable_lni_at_device_index": 0,
            "enable_resource_name_dns_a_record_on_launch": false,
            "enable_resource_name_dns_aaaa_record_on_launch": false,
            "id": "subnet-011d3c82766f05a31",
            "ipv6_cidr_block": "",
            "ipv6_cidr_block_association_id": "",
            "ipv6_native": false,
            "map_customer_owned_ip_on_launch": false,
            "map_public_ip_on_launch": false,
            "outpost_arn": "",
            "owner_id": "731958267068",
            "private_dns_hostname_type_on_launch": "ip-name",
            "tags": {
              "Name": "subnet_publica_iac"
            },
            "tags_all": {
              "Name": "subnet_publica_iac"
            },
            "timeouts": null,
            "vpc_id": "vpc-0e378c8daf98967dd"
          },
          "sensitive_attributes": [],
          "private": "eyJlMmJmYjczMC1lY2FhLTExZTYtOGY4OC0zNDM2M2JjN2M0YzAiOnsiY3JlYXRlIjo2MDAwMDAwMDAwMDAsImRlbGV0ZSI6MTIwMDAwMDAwMDAwMH0sInNjaGVtYV92ZXJzaW9uIjoiMSJ9",
          "dependencies": [
            "module.vpc.aws_vpc.vpc_carona"
          ]
        }
      ]
    },
    {
      "module": "module.tabela_rota_privada",
      "mode": "managed",
      "type": "aws_route_table",
      "name": "route_table",
      "provider": "provider[\"registry.terraform.io/hashicorp/aws\"]",
      "instances": [
        {
          "schema_version": 0,
          "attributes": {
            "arn": "arn:aws:ec2:us-east-1:731958267068:route-table/rtb-0384055feb32a5093",
            "id": "rtb-0384055feb32a5093",
            "owner_id": "731958267068",
            "propagating_vgws": [],
            "route": [],
            "tags": {
              "Name": "route_table_privada_iac"
            },
            "tags_all": {
              "Name": "route_table_privada_iac"
            },
            "timeouts": null,
            "vpc_id": "vpc-0e378c8daf98967dd"
          },
          "sensitive_attributes": [],
          "private": "eyJlMmJmYjczMC1lY2FhLTExZTYtOGY4OC0zNDM2M2JjN2M0YzAiOnsiY3JlYXRlIjozMDAwMDAwMDAwMDAsImRlbGV0ZSI6MzAwMDAwMDAwMDAwLCJ1cGRhdGUiOjEyMDAwMDAwMDAwMH19",
          "dependencies": [
            "module.vpc.aws_vpc.vpc_carona"
          ]
        }
      ]
    },
    {
      "module": "module.tabela_rota_publica",
      "mode": "managed",
      "type": "aws_route_table",
      "name": "route_table",
      "provider": "provider[\"registry.terraform.io/hashicorp/aws\"]",
      "instances": [
        {
          "schema_version": 0,
          "attributes": {
            "arn": "arn:aws:ec2:us-east-1:731958267068:route-table/rtb-05ada75d3cec45736",
            "id": "rtb-05ada75d3cec45736",
            "owner_id": "731958267068",
            "propagating_vgws": [],
            "route": [],
            "tags": {
              "Name": "route_table_publica_iac"
            },
            "tags_all": {
              "Name": "route_table_publica_iac"
            },
            "timeouts": null,
            "vpc_id": "vpc-0e378c8daf98967dd"
          },
          "sensitive_attributes": [],
          "private": "eyJlMmJmYjczMC1lY2FhLTExZTYtOGY4OC0zNDM2M2JjN2M0YzAiOnsiY3JlYXRlIjozMDAwMDAwMDAwMDAsImRlbGV0ZSI6MzAwMDAwMDAwMDAwLCJ1cGRhdGUiOjEyMDAwMDAwMDAwMH19",
          "dependencies": [
            "module.vpc.aws_vpc.vpc_carona"
          ]
        }
      ]
    },
    {
      "module": "module.vpc",
      "mode": "managed",
      "type": "aws_vpc",
      "name": "vpc_carona",
      "provider": "provider[\"registry.terraform.io/hashicorp/aws\"]",
      "instances": [
        {
          "schema_version": 1,
          "attributes": {
            "arn": "arn:aws:ec2:us-east-1:731958267068:vpc/vpc-0e378c8daf98967dd",
            "assign_generated_ipv6_cidr_block": false,
            "cidr_block": "10.0.0.0/24",
            "default_network_acl_id": "acl-053f96f825870b8e3",
            "default_route_table_id": "rtb-0ba06aac8ebcc9975",
            "default_security_group_id": "sg-0520f3b731c53d458",
            "dhcp_options_id": "dopt-0b88cc19fba8d9e9b",
            "enable_dns_hostnames": false,
            "enable_dns_support": true,
            "enable_network_address_usage_metrics": false,
            "id": "vpc-0e378c8daf98967dd",
            "instance_tenancy": "default",
            "ipv4_ipam_pool_id": null,
            "ipv4_netmask_length": null,
            "ipv6_association_id": "",
            "ipv6_cidr_block": "",
            "ipv6_cidr_block_network_border_group": "",
            "ipv6_ipam_pool_id": "",
            "ipv6_netmask_length": 0,
            "main_route_table_id": "rtb-0ba06aac8ebcc9975",
            "owner_id": "731958267068",
            "tags": {
              "Name": "vpc-carona-iac"
            },
            "tags_all": {
              "Name": "vpc-carona-iac"
            }
          },
          "sensitive_attributes": [],
          "private": "eyJzY2hlbWFfdmVyc2lvbiI6IjEifQ=="
        }
      ]
    }
  ],
  "check_results": null
}
